
Microsoft Visual Studio Solution File, Format Version 12.00
# Visual Studio Version 17
VisualStudioVersion = 17.9.34728.123
MinimumVisualStudioVersion = 10.0.40219.1
Project("{FAE04EC0-301F-11D3-BF4B-00C04F79EFBC}") = "DeviArchiveMaker", "DeviArchiveMaker.csproj", "{0B25602C-E75C-4B25-B264-8652424D8059}"
EndProject
Global
	GlobalSection(SolutionConfigurationPlatforms) = preSolution
		Debug|Any CPU = Debug|Any CPU
		Release|Any CPU = Release|Any CPU
	EndGlobalSection
	GlobalSection(ProjectConfigurationPlatforms) = postSolution
		{0B25602C-E75C-4B25-B264-8652424D8059}.Debug|Any CPU.ActiveCfg = Debug|Any CPU
		{0B25602C-E75C-4B25-B264-8652424D8059}.Debug|Any CPU.Build.0 = Debug|Any CPU
		{0B25602C-E75C-4B25-B264-8652424D8059}.Release|Any CPU.ActiveCfg = Release|Any CPU
		{0B25602C-E75C-4B25-B264-8652424D8059}.Release|Any CPU.Build.0 = Release|Any CPU
	EndGlobalSection
	GlobalSection(SolutionProperties) = preSolution
		HideSolutionNode = FALSE
	EndGlobalSection
	GlobalSection(ExtensibilityGlobals) = postSolution
		SolutionGuid = {82F87C66-5F16-4E71-852C-7A0DAAFA916E}
	EndGlobalSection
EndGlobal
